
Microsoft Visual Studio Solution File, Format Version 12.00
# Visual Studio Version 16
VisualStudioVersion = 16.0.30204.135
MinimumVisualStudioVersion = 10.0.40219.1
Project("{FAE04EC0-301F-11D3-BF4B-00C04F79EFBC}") = "EventsExample", "EventsExample\EventsExample.csproj", "{2EEAD5B0-26C8-4E9B-BF0E-90A27BBB6461}"
EndProject
Project("{FAE04EC0-301F-11D3-BF4B-00C04F79EFBC}") = "Events.Data", "Events.Data\Events.Data.csproj", "{FB88AC27-5DC3-4903-A2D5-89A011883B6E}"
EndProject
Global
	GlobalSection(SolutionConfigurationPlatforms) = preSolution
		Debug|Any CPU = Debug|Any CPU
		Release|Any CPU = Release|Any CPU
	EndGlobalSection
	GlobalSection(ProjectConfigurationPlatforms) = postSolution
		{2EEAD5B0-26C8-4E9B-BF0E-90A27BBB6461}.Debug|Any CPU.ActiveCfg = Debug|Any CPU
		{2EEAD5B0-26C8-4E9B-BF0E-90A27BBB6461}.Debug|Any CPU.Build.0 = Debug|Any CPU
		{2EEAD5B0-26C8-4E9B-BF0E-90A27BBB6461}.Release|Any CPU.ActiveCfg = Release|Any CPU
		{2EEAD5B0-26C8-4E9B-BF0E-90A27BBB6461}.Release|Any CPU.Build.0 = Release|Any CPU
		{FB88AC27-5DC3-4903-A2D5-89A011883B6E}.Debug|Any CPU.ActiveCfg = Debug|Any CPU
		{FB88AC27-5DC3-4903-A2D5-89A011883B6E}.Debug|Any CPU.Build.0 = Debug|Any CPU
		{FB88AC27-5DC3-4903-A2D5-89A011883B6E}.Release|Any CPU.ActiveCfg = Release|Any CPU
		{FB88AC27-5DC3-4903-A2D5-89A011883B6E}.Release|Any CPU.Build.0 = Release|Any CPU
	EndGlobalSection
	GlobalSection(SolutionProperties) = preSolution
		HideSolutionNode = FALSE
	EndGlobalSection
	GlobalSection(ExtensibilityGlobals) = postSolution
		SolutionGuid = {07734EA0-4BE6-4A9F-A992-27CA76187B66}
	EndGlobalSection
EndGlobal
